
Microsoft Visual Studio Solution File, Format Version 10.00
# Visual Studio 2008
Project("{FAE04EC0-301F-11D3-BF4B-00C04F79EFBC}") = "LiquidSilver", "LiquidSilver\LiquidSilver.csproj", "{C0BF1B23-0FA1-40BE-A370-4B40BA3F1696}"
EndProject
Project("{2150E333-8FDC-42A3-9474-1A3956D46DE8}") = "Samples", "Samples", "{B51B068B-D780-42E0-801E-DF045CE79EFB}"
EndProject
Project("{FAE04EC0-301F-11D3-BF4B-00C04F79EFBC}") = "Ex01-ListAndItems", "Ex01-ListAndItems\Ex01-ListAndItems.csproj", "{AEB904AC-EF05-4EE1-8608-4062122C2BC9}"
EndProject
Global
	GlobalSection(SolutionConfigurationPlatforms) = preSolution
		Debug|Any CPU = Debug|Any CPU
		Release|Any CPU = Release|Any CPU
	EndGlobalSection
	GlobalSection(ProjectConfigurationPlatforms) = postSolution
		{C0BF1B23-0FA1-40BE-A370-4B40BA3F1696}.Debug|Any CPU.ActiveCfg = Debug|Any CPU
		{C0BF1B23-0FA1-40BE-A370-4B40BA3F1696}.Debug|Any CPU.Build.0 = Debug|Any CPU
		{C0BF1B23-0FA1-40BE-A370-4B40BA3F1696}.Release|Any CPU.ActiveCfg = Release|Any CPU
		{C0BF1B23-0FA1-40BE-A370-4B40BA3F1696}.Release|Any CPU.Build.0 = Release|Any CPU
		{AEB904AC-EF05-4EE1-8608-4062122C2BC9}.Debug|Any CPU.ActiveCfg = Debug|Any CPU
		{AEB904AC-EF05-4EE1-8608-4062122C2BC9}.Debug|Any CPU.Build.0 = Debug|Any CPU
		{AEB904AC-EF05-4EE1-8608-4062122C2BC9}.Release|Any CPU.ActiveCfg = Release|Any CPU
		{AEB904AC-EF05-4EE1-8608-4062122C2BC9}.Release|Any CPU.Build.0 = Release|Any CPU
	EndGlobalSection
	GlobalSection(SolutionProperties) = preSolution
		HideSolutionNode = FALSE
	EndGlobalSection
	GlobalSection(NestedProjects) = preSolution
		{AEB904AC-EF05-4EE1-8608-4062122C2BC9} = {B51B068B-D780-42E0-801E-DF045CE79EFB}
	EndGlobalSection
EndGlobal
